
Microsoft Visual Studio Solution File, Format Version 12.00
# Visual Studio Version 17
VisualStudioVersion = 17.8.34316.72
MinimumVisualStudioVersion = 10.0.40219.1
Project("{FAE04EC0-301F-11D3-BF4B-00C04F79EFBC}") = "Calkulator", "Calkulator\Calkulator.csproj", "{E9969DE6-C3A8-43FC-9CD5-B480E1FE0CB6}"
EndProject
Global
	GlobalSection(SolutionConfigurationPlatforms) = preSolution
		Debug|Any CPU = Debug|Any CPU
		Release|Any CPU = Release|Any CPU
	EndGlobalSection
	GlobalSection(ProjectConfigurationPlatforms) = postSolution
		{E9969DE6-C3A8-43FC-9CD5-B480E1FE0CB6}.Debug|Any CPU.ActiveCfg = Debug|Any CPU
		{E9969DE6-C3A8-43FC-9CD5-B480E1FE0CB6}.Debug|Any CPU.Build.0 = Debug|Any CPU
		{E9969DE6-C3A8-43FC-9CD5-B480E1FE0CB6}.Release|Any CPU.ActiveCfg = Release|Any CPU
		{E9969DE6-C3A8-43FC-9CD5-B480E1FE0CB6}.Release|Any CPU.Build.0 = Release|Any CPU
	EndGlobalSection
	GlobalSection(SolutionProperties) = preSolution
		HideSolutionNode = FALSE
	EndGlobalSection
	GlobalSection(ExtensibilityGlobals) = postSolution
		SolutionGuid = {6BF12445-1017-451D-BF83-18041F627363}
	EndGlobalSection
EndGlobal
